
Microsoft Visual Studio Solution File, Format Version 12.00
# Visual Studio Version 17
VisualStudioVersion = 17.9.34728.123
MinimumVisualStudioVersion = 10.0.40219.1
Project("{FAE04EC0-301F-11D3-BF4B-00C04F79EFBC}") = "KantanBlog001", "KantanBlog001.csproj", "{191A0E39-149E-43A6-9DBA-46A5E1417A7B}"
EndProject
Global
	GlobalSection(SolutionConfigurationPlatforms) = preSolution
		Debug|Any CPU = Debug|Any CPU
		Release|Any CPU = Release|Any CPU
	EndGlobalSection
	GlobalSection(ProjectConfigurationPlatforms) = postSolution
		{191A0E39-149E-43A6-9DBA-46A5E1417A7B}.Debug|Any CPU.ActiveCfg = Debug|Any CPU
		{191A0E39-149E-43A6-9DBA-46A5E1417A7B}.Debug|Any CPU.Build.0 = Debug|Any CPU
		{191A0E39-149E-43A6-9DBA-46A5E1417A7B}.Release|Any CPU.ActiveCfg = Release|Any CPU
		{191A0E39-149E-43A6-9DBA-46A5E1417A7B}.Release|Any CPU.Build.0 = Release|Any CPU
	EndGlobalSection
	GlobalSection(SolutionProperties) = preSolution
		HideSolutionNode = FALSE
	EndGlobalSection
	GlobalSection(ExtensibilityGlobals) = postSolution
		SolutionGuid = {733978F8-468D-4F05-8F12-4F9F4FA08AD5}
	EndGlobalSection
EndGlobal
